// !$*UTF8*$!
{
	archiveVersion = 1;
	classes = {
	};
	objectVersion = 46;
	objects = {

/* Begin PBXBuildFile section */
		2CB88FC018A4386100D5AD22 /* UIKit.framework in Frameworks */ = {isa = PBXBuildFile; fileRef = 2CB88FBF18A4386100D5AD22 /* UIKit.framework */; };
		2CB88FC218A4386100D5AD22 /* Foundation.framework in Frameworks */ = {isa = PBXBuildFile; fileRef = 2CB88FC118A4386100D5AD22 /* Foundation.framework */; };
		2CB88FC418A4386100D5AD22 /* CoreGraphics.framework in Frameworks */ = {isa = PBXBuildFile; fileRef = 2CB88FC318A4386100D5AD22 /* CoreGraphics.framework */; };
		2CB88FCA18A4386100D5AD22 /* InfoPlist.strings in Resources */ = {isa = PBXBuildFile; fileRef = 2CB88FC818A4386100D5AD22 /* InfoPlist.strings */; };
		2CB88FCC18A4386100D5AD22 /* main.m in Sources */ = {isa = PBXBuildFile; fileRef = 2CB88FCB18A4386100D5AD22 /* main.m */; };
		2CB88FD018A4386100D5AD22 /* Quiz4AppDelegate.m in Sources */ = {isa = PBXBuildFile; fileRef = 2CB88FCF18A4386100D5AD22 /* Quiz4AppDelegate.m */; };
		2CB88FD818A4387500D5AD22 /* Quiz4View.m in Sources */ = {isa = PBXBuildFile; fileRef = 2CB88FD718A4387500D5AD22 /* Quiz4View.m */; };
		2CB88FDB18A4392400D5AD22 /* Q4LeftController.m in Sources */ = {isa = PBXBuildFile; fileRef = 2CB88FDA18A4392400D5AD22 /* Q4LeftController.m */; };
		2CB88FDE18A4393E00D5AD22 /* Q4RightController.m in Sources */ = {isa = PBXBuildFile; fileRef = 2CB88FDD18A4393E00D5AD22 /* Q4RightController.m */; };
/* End PBXBuildFile section */

/* Begin PBXFileReference section */
		2CB88FBB18A4386100D5AD22 /* Quiz4.app */ = {isa = PBXFileReference; explicitFileType = wrapper.application; includeInIndex = 0; path = Quiz4.app; sourceTree = BUILT_PRODUCTS_DIR; };
		2CB88FBF18A4386100D5AD22 /* UIKit.framework */ = {isa = PBXFileReference; lastKnownFileType = wrapper.framework; name = UIKit.framework; path = System/Library/Frameworks/UIKit.framework; sourceTree = SDKROOT; };
		2CB88FC118A4386100D5AD22 /* Foundation.framework */ = {isa = PBXFileReference; lastKnownFileType = wrapper.framework; name = Foundation.framework; path = System/Library/Frameworks/Foundation.framework; sourceTree = SDKROOT; };
		2CB88FC318A4386100D5AD22 /* CoreGraphics.framework */ = {isa = PBXFileReference; lastKnownFileType = wrapper.framework; name = CoreGraphics.framework; path = System/Library/Frameworks/CoreGraphics.framework; sourceTree = SDKROOT; };
		2CB88FC718A4386100D5AD22 /* Quiz4-Info.plist */ = {isa = PBXFileReference; lastKnownFileType = text.plist.xml; path = "Quiz4-Info.plist"; sourceTree = "<group>"; };
		2CB88FC918A4386100D5AD22 /* en */ = {isa = PBXFileReference; lastKnownFileType = text.plist.strings; name = en; path = en.lproj/InfoPlist.strings; sourceTree = "<group>"; };
		2CB88FCB18A4386100D5AD22 /* main.m */ = {isa = PBXFileReference; lastKnownFileType = sourcecode.c.objc; path = main.m; sourceTree = "<group>"; };
		2CB88FCD18A4386100D5AD22 /* Quiz4-Prefix.pch */ = {isa = PBXFileReference; lastKnownFileType = sourcecode.c.h; path = "Quiz4-Prefix.pch"; sourceTree = "<group>"; };
		2CB88FCE18A4386100D5AD22 /* Quiz4AppDelegate.h */ = {isa = PBXFileReference; lastKnownFileType = sourcecode.c.h; path = Quiz4AppDelegate.h; sourceTree = "<group>"; };
		2CB88FCF18A4386100D5AD22 /* Quiz4AppDelegate.m */ = {isa = PBXFileReference; lastKnownFileType = sourcecode.c.objc; path = Quiz4AppDelegate.m; sourceTree = "<group>"; };
		2CB88FD618A4387500D5AD22 /* Quiz4View.h */ = {isa = PBXFileReference; fileEncoding = 4; lastKnownFileType = sourcecode.c.h; path = Quiz4View.h; sourceTree = SOURCE_ROOT; };
		2CB88FD718A4387500D5AD22 /* Quiz4View.m */ = {isa = PBXFileReference; fileEncoding = 4; lastKnownFileType = sourcecode.c.objc; path = Quiz4View.m; sourceTree = SOURCE_ROOT; };
		2CB88FD918A4392400D5AD22 /* Q4LeftController.h */ = {isa = PBXFileReference; fileEncoding = 4; lastKnownFileType = sourcecode.c.h; path = Q4LeftController.h; sourceTree = "<group>"; };
		2CB88FDA18A4392400D5AD22 /* Q4LeftController.m */ = {isa = PBXFileReference; fileEncoding = 4; lastKnownFileType = sourcecode.c.objc; path = Q4LeftController.m; sourceTree = "<group>"; };
		2CB88FDC18A4393E00D5AD22 /* Q4RightController.h */ = {isa = PBXFileReference; fileEncoding = 4; lastKnownFileType = sourcecode.c.h; path = Q4RightController.h; sourceTree = "<group>"; };
		2CB88FDD18A4393E00D5AD22 /* Q4RightController.m */ = {isa = PBXFileReference; fileEncoding = 4; lastKnownFileType = sourcecode.c.objc; path = Q4RightController.m; sourceTree = "<group>"; };
/* End PBXFileReference section */

/* Begin PBXFrameworksBuildPhase section */
		2CB88FB818A4386100D5AD22 /* Frameworks */ = {
			isa = PBXFrameworksBuildPhase;
			buildActionMask = 2147483647;
			files = (
				2CB88FC018A4386100D5AD22 /* UIKit.framework in Frameworks */,
				2CB88FC218A4386100D5AD22 /* Foundation.framework in Frameworks */,
				2CB88FC418A4386100D5AD22 /* CoreGraphics.framework in Frameworks */,
			);
			runOnlyForDeploymentPostprocessing = 0;
		};
/* End PBXFrameworksBuildPhase section */

/* Begin PBXGroup section */
		2CB88FB018A4386100D5AD22 = {
			isa = PBXGroup;
			children = (
				2CB88FC518A4386100D5AD22 /* Quiz4 */,
				2CB88FBE18A4386100D5AD22 /* Frameworks */,
				2CB88FBC18A4386100D5AD22 /* Products */,
			);
			sourceTree = "<group>";
		};
		2CB88FBC18A4386100D5AD22 /* Products */ = {
			isa = PBXGroup;
			children = (
				2CB88FBB18A4386100D5AD22 /* Quiz4.app */,
			);
			name = Products;
			sourceTree = "<group>";
		};
		2CB88FBE18A4386100D5AD22 /* Frameworks */ = {
			isa = PBXGroup;
			children = (
				2CB88FBF18A4386100D5AD22 /* UIKit.framework */,
				2CB88FC118A4386100D5AD22 /* Foundation.framework */,
				2CB88FC318A4386100D5AD22 /* CoreGraphics.framework */,
			);
			name = Frameworks;
			sourceTree = "<group>";
		};
		2CB88FC518A4386100D5AD22 /* Quiz4 */ = {
			isa = PBXGroup;
			children = (
				2CB88FD618A4387500D5AD22 /* Quiz4View.h */,
				2CB88FD918A4392400D5AD22 /* Q4LeftController.h */,
				2CB88FDA18A4392400D5AD22 /* Q4LeftController.m */,
				2CB88FD718A4387500D5AD22 /* Quiz4View.m */,
				2CB88FCE18A4386100D5AD22 /* Quiz4AppDelegate.h */,
				2CB88FDC18A4393E00D5AD22 /* Q4RightController.h */,
				2CB88FDD18A4393E00D5AD22 /* Q4RightController.m */,
				2CB88FCF18A4386100D5AD22 /* Quiz4AppDelegate.m */,
				2CB88FC618A4386100D5AD22 /* Supporting Files */,
			);
			path = Quiz4;
			sourceTree = "<group>";
		};
		2CB88FC618A4386100D5AD22 /* Supporting Files */ = {
			isa = PBXGroup;
			children = (
				2CB88FC718A4386100D5AD22 /* Quiz4-Info.plist */,
				2CB88FC818A4386100D5AD22 /* InfoPlist.strings */,
				2CB88FCB18A4386100D5AD22 /* main.m */,
				2CB88FCD18A4386100D5AD22 /* Quiz4-Prefix.pch */,
			);
			name = "Supporting Files";
			sourceTree = "<group>";
		};
/* End PBXGroup section */

/* Begin PBXNativeTarget section */
		2CB88FBA18A4386100D5AD22 /* Quiz4 */ = {
			isa = PBXNativeTarget;
			buildConfigurationList = 2CB88FD318A4386100D5AD22 /* Build configuration list for PBXNativeTarget "Quiz4" */;
			buildPhases = (
				2CB88FB718A4386100D5AD22 /* Sources */,
				2CB88FB818A4386100D5AD22 /* Frameworks */,
				2CB88FB918A4386100D5AD22 /* Resources */,
			);
			buildRules = (
			);
			dependencies = (
			);
			name = Quiz4;
			productName = Quiz4;
			productReference = 2CB88FBB18A4386100D5AD22 /* Quiz4.app */;
			productType = "com.apple.product-type.application";
		};
/* End PBXNativeTarget section */

/* Begin PBXProject section */
		2CB88FB218A4386100D5AD22 /* Project object */ = {
			isa = PBXProject;
			attributes = {
				CLASSPREFIX = Quiz4;
				LastUpgradeCheck = 0440;
				ORGANIZATIONNAME = "Rachel Johnson";
			};
			buildConfigurationList = 2CB88FB518A4386100D5AD22 /* Build configuration list for PBXProject "Quiz4" */;
			compatibilityVersion = "Xcode 3.2";
			developmentRegion = English;
			hasScannedForEncodings = 0;
			knownRegions = (
				en,
			);
			mainGroup = 2CB88FB018A4386100D5AD22;
			productRefGroup = 2CB88FBC18A4386100D5AD22 /* Products */;
			projectDirPath = "";
			projectRoot = "";
			targets = (
				2CB88FBA18A4386100D5AD22 /* Quiz4 */,
			);
		};
/* End PBXProject section */

/* Begin PBXResourcesBuildPhase section */
		2CB88FB918A4386100D5AD22 /* Resources */ = {
			isa = PBXResourcesBuildPhase;
			buildActionMask = 2147483647;
			files = (
				2CB88FCA18A4386100D5AD22 /* InfoPlist.strings in Resources */,
			);
			runOnlyForDeploymentPostprocessing = 0;
		};
/* End PBXResourcesBuildPhase section */

/* Begin PBXSourcesBuildPhase section */
		2CB88FB718A4386100D5AD22 /* Sources */ = {
			isa = PBXSourcesBuildPhase;
			buildActionMask = 2147483647;
			files = (
				2CB88FCC18A4386100D5AD22 /* main.m in Sources */,
				2CB88FD018A4386100D5AD22 /* Quiz4AppDelegate.m in Sources */,
				2CB88FD818A4387500D5AD22 /* Quiz4View.m in Sources */,
				2CB88FDB18A4392400D5AD22 /* Q4LeftController.m in Sources */,
				2CB88FDE18A4393E00D5AD22 /* Q4RightController.m in Sources */,
			);
			runOnlyForDeploymentPostprocessing = 0;
		};
/* End PBXSourcesBuildPhase section */

/* Begin PBXVariantGroup section */
		2CB88FC818A4386100D5AD22 /* InfoPlist.strings */ = {
			isa = PBXVariantGroup;
			children = (
				2CB88FC918A4386100D5AD22 /* en */,
			);
			name = InfoPlist.strings;
			sourceTree = "<group>";
		};
/* End PBXVariantGroup section */

/* Begin XCBuildConfiguration section */
		2CB88FD118A4386100D5AD22 /* Debug */ = {
			isa = XCBuildConfiguration;
			buildSettings = {
				ALWAYS_SEARCH_USER_PATHS = NO;
				ARCHS = "$(ARCHS_STANDARD_32_BIT)";
				CLANG_CXX_LANGUAGE_STANDARD = "gnu++0x";
				CLANG_ENABLE_OBJC_ARC = YES;
				CLANG_WARN__DUPLICATE_METHOD_MATCH = YES;
				"CODE_SIGN_IDENTITY[sdk=iphoneos*]" = "iPhone Developer";
				COPY_PHASE_STRIP = NO;
				GCC_C_LANGUAGE_STANDARD = gnu99;
				GCC_DYNAMIC_NO_PIC = NO;
				GCC_OPTIMIZATION_LEVEL = 0;
				GCC_PREPROCESSOR_DEFINITIONS = (
					"DEBUG=1",
					"$(inherited)",
				);
				GCC_SYMBOLS_PRIVATE_EXTERN = NO;
				GCC_VERSION = com.apple.compilers.llvm.clang.1_0;
				GCC_WARN_ABOUT_RETURN_TYPE = YES;
				GCC_WARN_UNINITIALIZED_AUTOS = YES;
				GCC_WARN_UNUSED_VARIABLE = YES;
				IPHONEOS_DEPLOYMENT_TARGET = 5.1;
				SDKROOT = iphoneos;
			};
			name = Debug;
		};
		2CB88FD218A4386100D5AD22 /* Release */ = {
			isa = XCBuildConfiguration;
			buildSettings = {
				ALWAYS_SEARCH_USER_PATHS = NO;
				ARCHS = "$(ARCHS_STANDARD_32_BIT)";
				CLANG_CXX_LANGUAGE_STANDARD = "gnu++0x";
				CLANG_ENABLE_OBJC_ARC = YES;
				CLANG_WARN__DUPLICATE_METHOD_MATCH = YES;
				"CODE_SIGN_IDENTITY[sdk=iphoneos*]" = "iPhone Developer";
				COPY_PHASE_STRIP = YES;
				GCC_C_LANGUAGE_STANDARD = gnu99;
				GCC_VERSION = com.apple.compilers.llvm.clang.1_0;
				GCC_WARN_ABOUT_RETURN_TYPE = YES;
				GCC_WARN_UNINITIALIZED_AUTOS = YES;
				GCC_WARN_UNUSED_VARIABLE = YES;
				IPHONEOS_DEPLOYMENT_TARGET = 5.1;
				OTHER_CFLAGS = "-DNS_BLOCK_ASSERTIONS=1";
				SDKROOT = iphoneos;
				VALIDATE_PRODUCT = YES;
			};
			name = Release;
		};
		2CB88FD418A4386100D5AD22 /* Debug */ = {
			isa = XCBuildConfiguration;
			buildSettings = {
				GCC_PRECOMPILE_PREFIX_HEADER = YES;
				GCC_PREFIX_HEADER = "Quiz4/Quiz4-Prefix.pch";
				INFOPLIST_FILE = "Quiz4/Quiz4-Info.plist";
				PRODUCT_NAME = "$(TARGET_NAME)";
				WRAPPER_EXTENSION = app;
			};
			name = Debug;
		};
		2CB88FD518A4386100D5AD22 /* Release */ = {
			isa = XCBuildConfiguration;
			buildSettings = {
				GCC_PRECOMPILE_PREFIX_HEADER = YES;
				GCC_PREFIX_HEADER = "Quiz4/Quiz4-Prefix.pch";
				INFOPLIST_FILE = "Quiz4/Quiz4-Info.plist";
				PRODUCT_NAME = "$(TARGET_NAME)";
				WRAPPER_EXTENSION = app;
			};
			name = Release;
		};
/* End XCBuildConfiguration section */

/* Begin XCConfigurationList section */
		2CB88FB518A4386100D5AD22 /* Build configuration list for PBXProject "Quiz4" */ = {
			isa = XCConfigurationList;
			buildConfigurations = (
				2CB88FD118A4386100D5AD22 /* Debug */,
				2CB88FD218A4386100D5AD22 /* Release */,
			);
			defaultConfigurationIsVisible = 0;
			defaultConfigurationName = Release;
		};
		2CB88FD318A4386100D5AD22 /* Build configuration list for PBXNativeTarget "Quiz4" */ = {
			isa = XCConfigurationList;
			buildConfigurations = (
				2CB88FD418A4386100D5AD22 /* Debug */,
				2CB88FD518A4386100D5AD22 /* Release */,
			);
			defaultConfigurationIsVisible = 0;
		};
/* End XCConfigurationList section */
	};
	rootObject = 2CB88FB218A4386100D5AD22 /* Project object */;
}
